{
  "name": "AllegroCart",
  "lockfileVersion": 3,
  "requires": true,
  "packages": {
    "": {
      "dependencies": {
        "highs": "^1.14.2",
        "javascript-lp-solver": "^1.0.3",
        "yalps": "^0.6.4"
      }
    },
    "node_modules/heap": {
      "version": "0.2.7",
      "resolved": "https://registry.npmjs.org/heap/-/heap-0.2.7.tgz",
      "integrity": "sha512-2bsegYkkHO+h/9MGbn6KWcE45cHZgPANo5LXF7EvWdT0yT2EguSVO1nDgU5c8+ZOPwp2vMNa7YFsJhVcDR9Sdg==",
      "license": "MIT"
    },
    "node_modules/highs": {
      "version": "1.14.2",
      "resolved": "https://registry.npmjs.org/highs/-/highs-1.14.2.tgz",
      "integrity": "sha512-Qd3MoFrsy4cnRpPAwh6qsAkys8j4cKWUiYmt/xcdcsSXeuaqq979r7FLXmsbBJ0dQtBN+YKUtSzwcwTGeNVE4Q==",
      "license": "MIT"
    },
    "node_modules/javascript-lp-solver": {
      "version": "1.0.3",
      "resolved": "https://registry.npmjs.org/javascript-lp-solver/-/javascript-lp-solver-1.0.3.tgz",
      "integrity": "sha512-+qUYrubmn227YTz25uf9wOTlgB3wFKGtutECxL1shjOkgi/Tcn3SpnC7+T9rxhv/JNOxLIfZ3O6wEx0FwLlXbw==",
      "license": "Unlicense"
    },
    "node_modules/yalps": {
      "version": "0.6.4",
      "resolved": "https://registry.npmjs.org/yalps/-/yalps-0.6.4.tgz",
      "integrity": "sha512-PfOgB86E32G89K4IPiKZDCd9is2tQCSV89/t5HWdbAzbVPAL8vJ8es6Z1Ox6oN8d1k2mM/dqIQJDoaooFxIc+w==",
      "license": "MIT",
      "dependencies": {
        "heap": "^0.2.7"
      }
    }
  }
}
